// !$*UTF8*$!
{
	archiveVersion = 1;
	classes = {
	};
	objectVersion = 77;
	objects = {

/* Begin PBXBuildFile section */
		935992142D7F604E006C9FD1 /* Location.gpx in Resources */ = {isa = PBXBuildFile; fileRef = 935992132D7F604E006C9FD1 /* Location.gpx */; };
/* End PBXBuildFile section */

/* Begin PBXContainerItemProxy section */
		CBB140D82D5D33270066C7D2 /* PBXContainerItemProxy */ = {
			isa = PBXContainerItemProxy;
			containerPortal = CBB140BE2D5D33230066C7D2 /* Project object */;
			proxyType = 1;
			remoteGlobalIDString = CBB140C52D5D33230066C7D2;
			remoteInfo = waitfastApp;
		};
		CBB140E22D5D33270066C7D2 /* PBXContainerItemProxy */ = {
			isa = PBXContainerItemProxy;
			containerPortal = CBB140BE2D5D33230066C7D2 /* Project object */;
			proxyType = 1;
			remoteGlobalIDString = CBB140C52D5D33230066C7D2;
			remoteInfo = waitfastApp;
		};
/* End PBXContainerItemProxy section */

/* Begin PBXFileReference section */
		935992122D7F5FDF006C9FD1 /* waitfastApp.xctestplan */ = {isa = PBXFileReference; lastKnownFileType = text; path = waitfastApp.xctestplan; sourceTree = "<group>"; };
		935992132D7F604E006C9FD1 /* Location.gpx */ = {isa = PBXFileReference; lastKnownFileType = text.xml; path = Location.gpx; sourceTree = "<group>"; };
		935992152D7F60CC006C9FD1 /* Location.gpx */ = {isa = PBXFileReference; lastKnownFileType = text.xml; path = Location.gpx; sourceTree = "<group>"; };
		CBB140C62D5D33230066C7D2 /* waitfastApp.app */ = {isa = PBXFileReference; explicitFileType = wrapper.application; includeInIndex = 0; path = waitfastApp.app; sourceTree = BUILT_PRODUCTS_DIR; };
		CBB140D72D5D33270066C7D2 /* waitfastAppTests.xctest */ = {isa = PBXFileReference; explicitFileType = wrapper.cfbundle; includeInIndex = 0; path = waitfastAppTests.xctest; sourceTree = BUILT_PRODUCTS_DIR; };
		CBB140E12D5D33270066C7D2 /* waitfastAppUITests.xctest */ = {isa = PBXFileReference; explicitFileType = wrapper.cfbundle; includeInIndex = 0; path = waitfastAppUITests.xctest; sourceTree = BUILT_PRODUCTS_DIR; };
/* End PBXFileReference section */

/* Begin PBXFileSystemSynchronizedRootGroup section */
		CBB140C82D5D33230066C7D2 /* waitfastApp */ = {
			isa = PBXFileSystemSynchronizedRootGroup;
			path = waitfastApp;
			sourceTree = "<group>";
		};
		CBB140DA2D5D33270066C7D2 /* waitfastAppTests */ = {
			isa = PBXFileSystemSynchronizedRootGroup;
			path = waitfastAppTests;
			sourceTree = "<group>";
		};
		CBB140E42D5D33270066C7D2 /* waitfastAppUITests */ = {
			isa = PBXFileSystemSynchronizedRootGroup;
			path = waitfastAppUITests;
			sourceTree = "<group>";
		};
/* End PBXFileSystemSynchronizedRootGroup section */

/* Begin PBXFrameworksBuildPhase section */
		CBB140C32D5D33230066C7D2 /* Frameworks */ = {
			isa = PBXFrameworksBuildPhase;
			buildActionMask = 2147483647;
			files = (
			);
			runOnlyForDeploymentPostprocessing = 0;
		};
		CBB140D42D5D33270066C7D2 /* Frameworks */ = {
			isa = PBXFrameworksBuildPhase;
			buildActionMask = 2147483647;
			files = (
			);
			runOnlyForDeploymentPostprocessing = 0;
		};
		CBB140DE2D5D33270066C7D2 /* Frameworks */ = {
			isa = PBXFrameworksBuildPhase;
			buildActionMask = 2147483647;
			files = (
			);
			runOnlyForDeploymentPostprocessing = 0;
		};
/* End PBXFrameworksBuildPhase section */

/* Begin PBXGroup section */
		CBB140BD2D5D33230066C7D2 = {
			isa = PBXGroup;
			children = (
				935992152D7F60CC006C9FD1 /* Location.gpx */,
				935992122D7F5FDF006C9FD1 /* waitfastApp.xctestplan */,
				935992132D7F604E006C9FD1 /* Location.gpx */,
				CBB140C82D5D33230066C7D2 /* waitfastApp */,
				CBB140DA2D5D33270066C7D2 /* waitfastAppTests */,
				CBB140E42D5D33270066C7D2 /* waitfastAppUITests */,
				CBB140C72D5D33230066C7D2 /* Products */,
			);
			sourceTree = "<group>";
		};
		CBB140C72D5D33230066C7D2 /* Products */ = {
			isa = PBXGroup;
			children = (
				CBB140C62D5D33230066C7D2 /* waitfastApp.app */,
				CBB140D72D5D33270066C7D2 /* waitfastAppTests.xctest */,
				CBB140E12D5D33270066C7D2 /* waitfastAppUITests.xctest */,
			);
			name = Products;
			sourceTree = "<group>";
		};
/* End PBXGroup section */

/* Begin PBXNativeTarget section */
		CBB140C52D5D33230066C7D2 /* waitfastApp */ = {
			isa = PBXNativeTarget;
			buildConfigurationList = CBB140EB2D5D33270066C7D2 /* Build configuration list for PBXNativeTarget "waitfastApp" */;
			buildPhases = (
				CBB140C22D5D33230066C7D2 /* Sources */,
				CBB140C32D5D33230066C7D2 /* Frameworks */,
				CBB140C42D5D33230066C7D2 /* Resources */,
			);
			buildRules = (
			);
			dependencies = (
			);
			fileSystemSynchronizedGroups = (
				CBB140C82D5D33230066C7D2 /* waitfastApp */,
			);
			name = waitfastApp;
			packageProductDependencies = (
			);
			productName = waitfastApp;
			productReference = CBB140C62D5D33230066C7D2 /* waitfastApp.app */;
			productType = "com.apple.product-type.application";
		};
		CBB140D62D5D33270066C7D2 /* waitfastAppTests */ = {
			isa = PBXNativeTarget;
			buildConfigurationList = CBB140EE2D5D33270066C7D2 /* Build configuration list for PBXNativeTarget "waitfastAppTests" */;
			buildPhases = (
				CBB140D32D5D33270066C7D2 /* Sources */,
				CBB140D42D5D33270066C7D2 /* Frameworks */,
				CBB140D52D5D33270066C7D2 /* Resources */,
			);
			buildRules = (
			);
			dependencies = (
				CBB140D92D5D33270066C7D2 /* PBXTargetDependency */,
			);
			fileSystemSynchronizedGroups = (
				CBB140DA2D5D33270066C7D2 /* waitfastAppTests */,
			);
			name = waitfastAppTests;
			packageProductDependencies = (
			);
			productName = waitfastAppTests;
			productReference = CBB140D72D5D33270066C7D2 /* waitfastAppTests.xctest */;
			productType = "com.apple.product-type.bundle.unit-test";
		};
		CBB140E02D5D33270066C7D2 /* waitfastAppUITests */ = {
			isa = PBXNativeTarget;
			buildConfigurationList = CBB140F12D5D33270066C7D2 /* Build configuration list for PBXNativeTarget "waitfastAppUITests" */;
			buildPhases = (
				CBB140DD2D5D33270066C7D2 /* Sources */,
				CBB140DE2D5D33270066C7D2 /* Frameworks */,
				CBB140DF2D5D33270066C7D2 /* Resources */,
			);
			buildRules = (
			);
			dependencies = (
				CBB140E32D5D33270066C7D2 /* PBXTargetDependency */,
			);
			fileSystemSynchronizedGroups = (
				CBB140E42D5D33270066C7D2 /* waitfastAppUITests */,
			);
			name = waitfastAppUITests;
			packageProductDependencies = (
			);
			productName = waitfastAppUITests;
			productReference = CBB140E12D5D33270066C7D2 /* waitfastAppUITests.xctest */;
			productType = "com.apple.product-type.bundle.ui-testing";
		};
/* End PBXNativeTarget section */

/* Begin PBXProject section */
		CBB140BE2D5D33230066C7D2 /* Project object */ = {
			isa = PBXProject;
			attributes = {
				BuildIndependentTargetsInParallel = 1;
				LastSwiftUpdateCheck = 1620;
				LastUpgradeCheck = 1620;
				TargetAttributes = {
					CBB140C52D5D33230066C7D2 = {
						CreatedOnToolsVersion = 16.2;
					};
					CBB140D62D5D33270066C7D2 = {
						CreatedOnToolsVersion = 16.2;
						TestTargetID = CBB140C52D5D33230066C7D2;
					};
					CBB140E02D5D33270066C7D2 = {
						CreatedOnToolsVersion = 16.2;
						TestTargetID = CBB140C52D5D33230066C7D2;
					};
				};
			};
			buildConfigurationList = CBB140C12D5D33230066C7D2 /* Build configuration list for PBXProject "waitfastApp" */;
			developmentRegion = en;
			hasScannedForEncodings = 0;
			knownRegions = (
				en,
				Base,
			);
			mainGroup = CBB140BD2D5D33230066C7D2;
			minimizedProjectReferenceProxies = 1;
			preferredProjectObjectVersion = 77;
			productRefGroup = CBB140C72D5D33230066C7D2 /* Products */;
			projectDirPath = "";
			projectRoot = "";
			targets = (
				CBB140C52D5D33230066C7D2 /* waitfastApp */,
				CBB140D62D5D33270066C7D2 /* waitfastAppTests */,
				CBB140E02D5D33270066C7D2 /* waitfastAppUITests */,
			);
		};
/* End PBXProject section */

/* Begin PBXResourcesBuildPhase section */
		CBB140C42D5D33230066C7D2 /* Resources */ = {
			isa = PBXResourcesBuildPhase;
			buildActionMask = 2147483647;
			files = (
				935992142D7F604E006C9FD1 /* Location.gpx in Resources */,
			);
			runOnlyForDeploymentPostprocessing = 0;
		};
		CBB140D52D5D33270066C7D2 /* Resources */ = {
			isa = PBXResourcesBuildPhase;
			buildActionMask = 2147483647;
			files = (
			);
			runOnlyForDeploymentPostprocessing = 0;
		};
		CBB140DF2D5D33270066C7D2 /* Resources */ = {
			isa = PBXResourcesBuildPhase;
			buildActionMask = 2147483647;
			files = (
			);
			runOnlyForDeploymentPostprocessing = 0;
		};
/* End PBXResourcesBuildPhase section */

/* Begin PBXSourcesBuildPhase section */
		CBB140C22D5D33230066C7D2 /* Sources */ = {
			isa = PBXSourcesBuildPhase;
			buildActionMask = 2147483647;
			files = (
			);
			runOnlyForDeploymentPostprocessing = 0;
		};
		CBB140D32D5D33270066C7D2 /* Sources */ = {
			isa = PBXSourcesBuildPhase;
			buildActionMask = 2147483647;
			files = (
			);
			runOnlyForDeploymentPostprocessing = 0;
		};
		CBB140DD2D5D33270066C7D2 /* Sources */ = {
			isa = PBXSourcesBuildPhase;
			buildActionMask = 2147483647;
			files = (
			);
			runOnlyForDeploymentPostprocessing = 0;
		};
/* End PBXSourcesBuildPhase section */

/* Begin PBXTargetDependency section */
		CBB140D92D5D33270066C7D2 /* PBXTargetDependency */ = {
			isa = PBXTargetDependency;
			target = CBB140C52D5D33230066C7D2 /* waitfastApp */;
			targetProxy = CBB140D82D5D33270066C7D2 /* PBXContainerItemProxy */;
		};
		CBB140E32D5D33270066C7D2 /* PBXTargetDependency */ = {
			isa = PBXTargetDependency;
			target = CBB140C52D5D33230066C7D2 /* waitfastApp */;
			targetProxy = CBB140E22D5D33270066C7D2 /* PBXContainerItemProxy */;
		};
/* End PBXTargetDependency section */

/* Begin XCBuildConfiguration section */
		CBB140E92D5D33270066C7D2 /* Debug */ = {
			isa = XCBuildConfiguration;
			buildSettings = {
				ALWAYS_SEARCH_USER_PATHS = NO;
				ASSETCATALOG_COMPILER_GENERATE_SWIFT_ASSET_SYMBOL_EXTENSIONS = YES;
				CLANG_ANALYZER_NONNULL = YES;
				CLANG_ANALYZER_NUMBER_OBJECT_CONVERSION = YES_AGGRESSIVE;
				CLANG_CXX_LANGUAGE_STANDARD = "gnu++20";
				CLANG_ENABLE_MODULES = YES;
				CLANG_ENABLE_OBJC_ARC = YES;
				CLANG_ENABLE_OBJC_WEAK = YES;
				CLANG_WARN_BLOCK_CAPTURE_AUTORELEASING = YES;
				CLANG_WARN_BOOL_CONVERSION = YES;
				CLANG_WARN_COMMA = YES;
				CLANG_WARN_CONSTANT_CONVERSION = YES;
				CLANG_WARN_DEPRECATED_OBJC_IMPLEMENTATIONS = YES;
				CLANG_WARN_DIRECT_OBJC_ISA_USAGE = YES_ERROR;
				CLANG_WARN_DOCUMENTATION_COMMENTS = YES;
				CLANG_WARN_EMPTY_BODY = YES;
				CLANG_WARN_ENUM_CONVERSION = YES;
				CLANG_WARN_INFINITE_RECURSION = YES;
				CLANG_WARN_INT_CONVERSION = YES;
				CLANG_WARN_NON_LITERAL_NULL_CONVERSION = YES;
				CLANG_WARN_OBJC_IMPLICIT_RETAIN_SELF = YES;
				CLANG_WARN_OBJC_LITERAL_CONVERSION = YES;
				CLANG_WARN_OBJC_ROOT_CLASS = YES_ERROR;
				CLANG_WARN_QUOTED_INCLUDE_IN_FRAMEWORK_HEADER = YES;
				CLANG_WARN_RANGE_LOOP_ANALYSIS = YES;
				CLANG_WARN_STRICT_PROTOTYPES = YES;
				CLANG_WARN_SUSPICIOUS_MOVE = YES;
				CLANG_WARN_UNGUARDED_AVAILABILITY = YES_AGGRESSIVE;
				CLANG_WARN_UNREACHABLE_CODE = YES;
				CLANG_WARN__DUPLICATE_METHOD_MATCH = YES;
				COPY_PHASE_STRIP = NO;
				DEBUG_INFORMATION_FORMAT = dwarf;
				ENABLE_STRICT_OBJC_MSGSEND = YES;
				ENABLE_TESTABILITY = YES;
				ENABLE_USER_SCRIPT_SANDBOXING = YES;
				GCC_C_LANGUAGE_STANDARD = gnu17;
				GCC_DYNAMIC_NO_PIC = NO;
				GCC_NO_COMMON_BLOCKS = YES;
				GCC_OPTIMIZATION_LEVEL = 0;
				GCC_PREPROCESSOR_DEFINITIONS = (
					"DEBUG=1",
					"$(inherited)",
				);
				GCC_WARN_64_TO_32_BIT_CONVERSION = YES;
				GCC_WARN_ABOUT_RETURN_TYPE = YES_ERROR;
				GCC_WARN_UNDECLARED_SELECTOR = YES;
				GCC_WARN_UNINITIALIZED_AUTOS = YES_AGGRESSIVE;
				GCC_WARN_UNUSED_FUNCTION = YES;
				GCC_WARN_UNUSED_VARIABLE = YES;
				LOCALIZATION_PREFERS_STRING_CATALOGS = YES;
				MTL_ENABLE_DEBUG_INFO = INCLUDE_SOURCE;
				MTL_FAST_MATH = YES;
				ONLY_ACTIVE_ARCH = YES;
				SWIFT_ACTIVE_COMPILATION_CONDITIONS = "DEBUG $(inherited)";
				SWIFT_OPTIMIZATION_LEVEL = "-Onone";
			};
			name = Debug;
		};
		CBB140EA2D5D33270066C7D2 /* Release */ = {
			isa = XCBuildConfiguration;
			buildSettings = {
				ALWAYS_SEARCH_USER_PATHS = NO;
				ASSETCATALOG_COMPILER_GENERATE_SWIFT_ASSET_SYMBOL_EXTENSIONS = YES;
				CLANG_ANALYZER_NONNULL = YES;
				CLANG_ANALYZER_NUMBER_OBJECT_CONVERSION = YES_AGGRESSIVE;
				CLANG_CXX_LANGUAGE_STANDARD = "gnu++20";
				CLANG_ENABLE_MODULES = YES;
				CLANG_ENABLE_OBJC_ARC = YES;
				CLANG_ENABLE_OBJC_WEAK = YES;
				CLANG_WARN_BLOCK_CAPTURE_AUTORELEASING = YES;
				CLANG_WARN_BOOL_CONVERSION = YES;
				CLANG_WARN_COMMA = YES;
				CLANG_WARN_CONSTANT_CONVERSION = YES;
				CLANG_WARN_DEPRECATED_OBJC_IMPLEMENTATIONS = YES;
				CLANG_WARN_DIRECT_OBJC_ISA_USAGE = YES_ERROR;
				CLANG_WARN_DOCUMENTATION_COMMENTS = YES;
				CLANG_WARN_EMPTY_BODY = YES;
				CLANG_WARN_ENUM_CONVERSION = YES;
				CLANG_WARN_INFINITE_RECURSION = YES;
				CLANG_WARN_INT_CONVERSION = YES;
				CLANG_WARN_NON_LITERAL_NULL_CONVERSION = YES;
				CLANG_WARN_OBJC_IMPLICIT_RETAIN_SELF = YES;
				CLANG_WARN_OBJC_LITERAL_CONVERSION = YES;
				CLANG_WARN_OBJC_ROOT_CLASS = YES_ERROR;
				CLANG_WARN_QUOTED_INCLUDE_IN_FRAMEWORK_HEADER = YES;
				CLANG_WARN_RANGE_LOOP_ANALYSIS = YES;
				CLANG_WARN_STRICT_PROTOTYPES = YES;
				CLANG_WARN_SUSPICIOUS_MOVE = YES;
				CLANG_WARN_UNGUARDED_AVAILABILITY = YES_AGGRESSIVE;
				CLANG_WARN_UNREACHABLE_CODE = YES;
				CLANG_WARN__DUPLICATE_METHOD_MATCH = YES;
				COPY_PHASE_STRIP = NO;
				DEBUG_INFORMATION_FORMAT = "dwarf-with-dsym";
				ENABLE_NS_ASSERTIONS = NO;
				ENABLE_STRICT_OBJC_MSGSEND = YES;
				ENABLE_USER_SCRIPT_SANDBOXING = YES;
				GCC_C_LANGUAGE_STANDARD = gnu17;
				GCC_NO_COMMON_BLOCKS = YES;
				GCC_WARN_64_TO_32_BIT_CONVERSION = YES;
				GCC_WARN_ABOUT_RETURN_TYPE = YES_ERROR;
				GCC_WARN_UNDECLARED_SELECTOR = YES;
				GCC_WARN_UNINITIALIZED_AUTOS = YES_AGGRESSIVE;
				GCC_WARN_UNUSED_FUNCTION = YES;
				GCC_WARN_UNUSED_VARIABLE = YES;
				LOCALIZATION_PREFERS_STRING_CATALOGS = YES;
				MTL_ENABLE_DEBUG_INFO = NO;
				MTL_FAST_MATH = YES;
				SWIFT_COMPILATION_MODE = wholemodule;
			};
			name = Release;
		};
		CBB140EC2D5D33270066C7D2 /* Debug */ = {
			isa = XCBuildConfiguration;
			buildSettings = {
				ASSETCATALOG_COMPILER_APPICON_NAME = AppIcon;
				ASSETCATALOG_COMPILER_GLOBAL_ACCENT_COLOR_NAME = AccentColor;
				CODE_SIGN_ENTITLEMENTS = waitfastApp/waitfastApp.entitlements;
				CODE_SIGN_STYLE = Automatic;
				CURRENT_PROJECT_VERSION = 1;
				DEVELOPMENT_ASSET_PATHS = "\"waitfastApp/Preview Content\"";
				ENABLE_PREVIEWS = YES;
				GENERATE_INFOPLIST_FILE = YES;
				INFOPLIST_KEY_NSLocationWhenInUseUsageDescription = "Location location";
				"INFOPLIST_KEY_UIApplicationSceneManifest_Generation[sdk=iphoneos*]" = YES;
				"INFOPLIST_KEY_UIApplicationSceneManifest_Generation[sdk=iphonesimulator*]" = YES;
				"INFOPLIST_KEY_UIApplicationSupportsIndirectInputEvents[sdk=iphoneos*]" = YES;
				"INFOPLIST_KEY_UIApplicationSupportsIndirectInputEvents[sdk=iphonesimulator*]" = YES;
				"INFOPLIST_KEY_UILaunchScreen_Generation[sdk=iphoneos*]" = YES;
				"INFOPLIST_KEY_UILaunchScreen_Generation[sdk=iphonesimulator*]" = YES;
				"INFOPLIST_KEY_UIStatusBarStyle[sdk=iphoneos*]" = UIStatusBarStyleDefault;
				"INFOPLIST_KEY_UIStatusBarStyle[sdk=iphonesimulator*]" = UIStatusBarStyleDefault;
				INFOPLIST_KEY_UISupportedInterfaceOrientations_iPad = "UIInterfaceOrientationPortrait UIInterfaceOrientationPortraitUpsideDown UIInterfaceOrientationLandscapeLeft UIInterfaceOrientationLandscapeRight";
				INFOPLIST_KEY_UISupportedInterfaceOrientations_iPhone = "UIInterfaceOrientationPortrait UIInterfaceOrientationLandscapeLeft UIInterfaceOrientationLandscapeRight";
				IPHONEOS_DEPLOYMENT_TARGET = 18.2;
				LD_RUNPATH_SEARCH_PATHS = "@executable_path/Frameworks";
				"LD_RUNPATH_SEARCH_PATHS[sdk=macosx*]" = "@executable_path/../Frameworks";
				MACOSX_DEPLOYMENT_TARGET = 14.6;
				MARKETING_VERSION = 1.0;
				PRODUCT_BUNDLE_IDENTIFIER = umich.waitfastApp;
				PRODUCT_NAME = "$(TARGET_NAME)";
				SDKROOT = auto;
				SUPPORTED_PLATFORMS = "iphoneos iphonesimulator macosx xros xrsimulator";
				SWIFT_EMIT_LOC_STRINGS = YES;
				SWIFT_VERSION = 5.0;
				TARGETED_DEVICE_FAMILY = "1,2,7";
				XROS_DEPLOYMENT_TARGET = 2.2;
			};
			name = Debug;
		};
		CBB140ED2D5D33270066C7D2 /* Release */ = {
			isa = XCBuildConfiguration;
			buildSettings = {
				ASSETCATALOG_COMPILER_APPICON_NAME = AppIcon;
				ASSETCATALOG_COMPILER_GLOBAL_ACCENT_COLOR_NAME = AccentColor;
				CODE_SIGN_ENTITLEMENTS = waitfastApp/waitfastApp.entitlements;
				CODE_SIGN_STYLE = Automatic;
				CURRENT_PROJECT_VERSION = 1;
				DEVELOPMENT_ASSET_PATHS = "\"waitfastApp/Preview Content\"";
				ENABLE_PREVIEWS = YES;
				GENERATE_INFOPLIST_FILE = YES;
				INFOPLIST_KEY_NSLocationWhenInUseUsageDescription = "Location location";
				"INFOPLIST_KEY_UIApplicationSceneManifest_Generation[sdk=iphoneos*]" = YES;
				"INFOPLIST_KEY_UIApplicationSceneManifest_Generation[sdk=iphonesimulator*]" = YES;
				"INFOPLIST_KEY_UIApplicationSupportsIndirectInputEvents[sdk=iphoneos*]" = YES;
				"INFOPLIST_KEY_UIApplicationSupportsIndirectInputEvents[sdk=iphonesimulator*]" = YES;
				"INFOPLIST_KEY_UILaunchScreen_Generation[sdk=iphoneos*]" = YES;
				"INFOPLIST_KEY_UILaunchScreen_Generation[sdk=iphonesimulator*]" = YES;
				"INFOPLIST_KEY_UIStatusBarStyle[sdk=iphoneos*]" = UIStatusBarStyleDefault;
				"INFOPLIST_KEY_UIStatusBarStyle[sdk=iphonesimulator*]" = UIStatusBarStyleDefault;
				INFOPLIST_KEY_UISupportedInterfaceOrientations_iPad = "UIInterfaceOrientationPortrait UIInterfaceOrientationPortraitUpsideDown UIInterfaceOrientationLandscapeLeft UIInterfaceOrientationLandscapeRight";
				INFOPLIST_KEY_UISupportedInterfaceOrientations_iPhone = "UIInterfaceOrientationPortrait UIInterfaceOrientationLandscapeLeft UIInterfaceOrientationLandscapeRight";
				IPHONEOS_DEPLOYMENT_TARGET = 18.2;
				LD_RUNPATH_SEARCH_PATHS = "@executable_path/Frameworks";
				"LD_RUNPATH_SEARCH_PATHS[sdk=macosx*]" = "@executable_path/../Frameworks";
				MACOSX_DEPLOYMENT_TARGET = 14.6;
				MARKETING_VERSION = 1.0;
				PRODUCT_BUNDLE_IDENTIFIER = umich.waitfastApp;
				PRODUCT_NAME = "$(TARGET_NAME)";
				SDKROOT = auto;
				SUPPORTED_PLATFORMS = "iphoneos iphonesimulator macosx xros xrsimulator";
				SWIFT_EMIT_LOC_STRINGS = YES;
				SWIFT_VERSION = 5.0;
				TARGETED_DEVICE_FAMILY = "1,2,7";
				XROS_DEPLOYMENT_TARGET = 2.2;
			};
			name = Release;
		};
		CBB140EF2D5D33270066C7D2 /* Debug */ = {
			isa = XCBuildConfiguration;
			buildSettings = {
				BUNDLE_LOADER = "$(TEST_HOST)";
				CODE_SIGN_STYLE = Automatic;
				CURRENT_PROJECT_VERSION = 1;
				GENERATE_INFOPLIST_FILE = YES;
				IPHONEOS_DEPLOYMENT_TARGET = 18.2;
				MACOSX_DEPLOYMENT_TARGET = 14.6;
				MARKETING_VERSION = 1.0;
				PRODUCT_BUNDLE_IDENTIFIER = umich.waitfastAppTests;
				PRODUCT_NAME = "$(TARGET_NAME)";
				SDKROOT = auto;
				SUPPORTED_PLATFORMS = "iphoneos iphonesimulator macosx xros xrsimulator";
				SWIFT_EMIT_LOC_STRINGS = NO;
				SWIFT_VERSION = 5.0;
				TARGETED_DEVICE_FAMILY = "1,2,7";
				TEST_HOST = "$(BUILT_PRODUCTS_DIR)/waitfastApp.app/$(BUNDLE_EXECUTABLE_FOLDER_PATH)/waitfastApp";
				XROS_DEPLOYMENT_TARGET = 2.2;
			};
			name = Debug;
		};
		CBB140F02D5D33270066C7D2 /* Release */ = {
			isa = XCBuildConfiguration;
			buildSettings = {
				BUNDLE_LOADER = "$(TEST_HOST)";
				CODE_SIGN_STYLE = Automatic;
				CURRENT_PROJECT_VERSION = 1;
				GENERATE_INFOPLIST_FILE = YES;
				IPHONEOS_DEPLOYMENT_TARGET = 18.2;
				MACOSX_DEPLOYMENT_TARGET = 14.6;
				MARKETING_VERSION = 1.0;
				PRODUCT_BUNDLE_IDENTIFIER = umich.waitfastAppTests;
				PRODUCT_NAME = "$(TARGET_NAME)";
				SDKROOT = auto;
				SUPPORTED_PLATFORMS = "iphoneos iphonesimulator macosx xros xrsimulator";
				SWIFT_EMIT_LOC_STRINGS = NO;
				SWIFT_VERSION = 5.0;
				TARGETED_DEVICE_FAMILY = "1,2,7";
				TEST_HOST = "$(BUILT_PRODUCTS_DIR)/waitfastApp.app/$(BUNDLE_EXECUTABLE_FOLDER_PATH)/waitfastApp";
				XROS_DEPLOYMENT_TARGET = 2.2;
			};
			name = Release;
		};
		CBB140F22D5D33270066C7D2 /* Debug */ = {
			isa = XCBuildConfiguration;
			buildSettings = {
				CODE_SIGN_STYLE = Automatic;
				CURRENT_PROJECT_VERSION = 1;
				GENERATE_INFOPLIST_FILE = YES;
				IPHONEOS_DEPLOYMENT_TARGET = 18.2;
				MACOSX_DEPLOYMENT_TARGET = 14.6;
				MARKETING_VERSION = 1.0;
				PRODUCT_BUNDLE_IDENTIFIER = umich.waitfastAppUITests;
				PRODUCT_NAME = "$(TARGET_NAME)";
				SDKROOT = auto;
				SUPPORTED_PLATFORMS = "iphoneos iphonesimulator macosx xros xrsimulator";
				SWIFT_EMIT_LOC_STRINGS = NO;
				SWIFT_VERSION = 5.0;
				TARGETED_DEVICE_FAMILY = "1,2,7";
				TEST_TARGET_NAME = waitfastApp;
				XROS_DEPLOYMENT_TARGET = 2.2;
			};
			name = Debug;
		};
		CBB140F32D5D33270066C7D2 /* Release */ = {
			isa = XCBuildConfiguration;
			buildSettings = {
				CODE_SIGN_STYLE = Automatic;
				CURRENT_PROJECT_VERSION = 1;
				GENERATE_INFOPLIST_FILE = YES;
				IPHONEOS_DEPLOYMENT_TARGET = 18.2;
				MACOSX_DEPLOYMENT_TARGET = 14.6;
				MARKETING_VERSION = 1.0;
				PRODUCT_BUNDLE_IDENTIFIER = umich.waitfastAppUITests;
				PRODUCT_NAME = "$(TARGET_NAME)";
				SDKROOT = auto;
				SUPPORTED_PLATFORMS = "iphoneos iphonesimulator macosx xros xrsimulator";
				SWIFT_EMIT_LOC_STRINGS = NO;
				SWIFT_VERSION = 5.0;
				TARGETED_DEVICE_FAMILY = "1,2,7";
				TEST_TARGET_NAME = waitfastApp;
				XROS_DEPLOYMENT_TARGET = 2.2;
			};
			name = Release;
		};
/* End XCBuildConfiguration section */

/* Begin XCConfigurationList section */
		CBB140C12D5D33230066C7D2 /* Build configuration list for PBXProject "waitfastApp" */ = {
			isa = XCConfigurationList;
			buildConfigurations = (
				CBB140E92D5D33270066C7D2 /* Debug */,
				CBB140EA2D5D33270066C7D2 /* Release */,
			);
			defaultConfigurationIsVisible = 0;
			defaultConfigurationName = Release;
		};
		CBB140EB2D5D33270066C7D2 /* Build configuration list for PBXNativeTarget "waitfastApp" */ = {
			isa = XCConfigurationList;
			buildConfigurations = (
				CBB140EC2D5D33270066C7D2 /* Debug */,
				CBB140ED2D5D33270066C7D2 /* Release */,
			);
			defaultConfigurationIsVisible = 0;
			defaultConfigurationName = Release;
		};
		CBB140EE2D5D33270066C7D2 /* Build configuration list for PBXNativeTarget "waitfastAppTests" */ = {
			isa = XCConfigurationList;
			buildConfigurations = (
				CBB140EF2D5D33270066C7D2 /* Debug */,
				CBB140F02D5D33270066C7D2 /* Release */,
			);
			defaultConfigurationIsVisible = 0;
			defaultConfigurationName = Release;
		};
		CBB140F12D5D33270066C7D2 /* Build configuration list for PBXNativeTarget "waitfastAppUITests" */ = {
			isa = XCConfigurationList;
			buildConfigurations = (
				CBB140F22D5D33270066C7D2 /* Debug */,
				CBB140F32D5D33270066C7D2 /* Release */,
			);
			defaultConfigurationIsVisible = 0;
			defaultConfigurationName = Release;
		};
/* End XCConfigurationList section */
	};
	rootObject = CBB140BE2D5D33230066C7D2 /* Project object */;
}
